<?xml version="1.0" encoding="utf-8"?>
<Project ToolsVersion="4.0" xmlns="http://schemas.microsoft.com/developer/msbuild/2003">
  <ItemGroup>
    <ClCompile Include="main.cpp" />
    <ClCompile Include="Engine\Engine.cpp">
      <Filter>Engine</Filter>
    </ClCompile>
    <ClCompile Include="externals\imgui\imgui.cpp">
      <Filter>ImGui</Filter>
    </ClCompile>
    <ClCompile Include="externals\imgui\imgui_demo.cpp">
      <Filter>ImGui</Filter>
    </ClCompile>
    <ClCompile Include="externals\imgui\imgui_draw.cpp">
      <Filter>ImGui</Filter>
    </ClCompile>
    <ClCompile Include="externals\imgui\imgui_impl_dx12.cpp">
      <Filter>ImGui</Filter>
    </ClCompile>
    <ClCompile Include="externals\imgui\imgui_impl_win32.cpp">
      <Filter>ImGui</Filter>
    </ClCompile>
    <ClCompile Include="externals\imgui\imgui_tables.cpp">
      <Filter>ImGui</Filter>
    </ClCompile>
    <ClCompile Include="externals\imgui\imgui_widgets.cpp">
      <Filter>ImGui</Filter>
    </ClCompile>
    <ClCompile Include="Math\Mat4x4\Mat4x4.cpp">
      <Filter>Math</Filter>
    </ClCompile>
    <ClCompile Include="Model\Model.cpp">
      <Filter>Model</Filter>
    </ClCompile>
    <ClCompile Include="Engine\WinApp\WinApp.cpp">
      <Filter>Engine\WinApp</Filter>
    </ClCompile>
    <ClCompile Include="Engine\ConvertString\ConvertString.cpp">
      <Filter>Engine\ConvertString</Filter>
    </ClCompile>
    <ClCompile Include="Engine\KeyInput\KeyInput.cpp">
      <Filter>Engine\KeyInput</Filter>
    </ClCompile>
    <ClCompile Include="Engine\Gamepad\Gamepad.cpp">
      <Filter>Engine\Gamepad</Filter>
    </ClCompile>
    <ClCompile Include="Engine\ShaderManager\ShaderManager.cpp">
      <Filter>Engine\ShaderManager</Filter>
    </ClCompile>
    <ClCompile Include="Engine\Mouse\Mouse.cpp">
      <Filter>Engine\Mouse</Filter>
    </ClCompile>
    <ClCompile Include="PeraRender\PeraRender.cpp">
      <Filter>PeraRender</Filter>
    </ClCompile>
    <ClCompile Include="TextureManager\TextureManager.cpp">
      <Filter>TextureManager</Filter>
    </ClCompile>
    <ClCompile Include="TextureManager\Texture\Texture.cpp">
      <Filter>TextureManager\Texture</Filter>
    </ClCompile>
    <ClCompile Include="Texture2D\Texture2D.cpp">
      <Filter>Texture2D</Filter>
    </ClCompile>
    <ClCompile Include="Math\Vector4\Vector4.cpp">
      <Filter>Math</Filter>
    </ClCompile>
    <ClCompile Include="AudioManager\AudioManager.cpp">
      <Filter>AudioManager</Filter>
    </ClCompile>
    <ClCompile Include="AudioManager\Audio\Audio.cpp">
      <Filter>AudioManager\Audio</Filter>
    </ClCompile>
    <ClCompile Include="Camera\Camera.cpp">
      <Filter>Camera</Filter>
    </ClCompile>
    <ClCompile Include="Math\Vector2\Vector2.cpp">
      <Filter>Math</Filter>
    </ClCompile>
    <ClCompile Include="Math\Vector3\Vector3.cpp">
      <Filter>Math</Filter>
    </ClCompile>
    <ClCompile Include="Engine\Resource\RenderTarget\RenderTarget.cpp">
      <Filter>Engine\Resource\RenderTarget</Filter>
    </ClCompile>
    <ClCompile Include="Engine\Resource\ShaderResource\ShaderResourceHeap.cpp">
      <Filter>Engine\Resource\ShaderResource</Filter>
    </ClCompile>
    <ClCompile Include="PipelineManager\PipelineManager.cpp">
      <Filter>PipelineManager</Filter>
    </ClCompile>
    <ClCompile Include="PipelineManager\Pipeline\Pipeline.cpp">
      <Filter>PipelineManager\Pipeline</Filter>
    </ClCompile>
    <ClCompile Include="Engine\RootSignature\RootSignature.cpp">
      <Filter>Engine\RootSignature</Filter>
    </ClCompile>
    <ClCompile Include="StringOut\StringOut.cpp">
      <Filter>StringOut</Filter>
    </ClCompile>
    <ClCompile Include="Editor\Editor.cpp">
      <Filter>Editor</Filter>
    </ClCompile>
    <ClCompile Include="Editor\Node\Node.cpp">
      <Filter>Editor\Node</Filter>
    </ClCompile>
    <ClCompile Include="Line\Line.cpp">
      <Filter>Line</Filter>
    </ClCompile>
  </ItemGroup>
  <ItemGroup>
    <Filter Include="Engine">
      <UniqueIdentifier>{d3b2314c-5abb-4996-9d77-ddedf3938121}</UniqueIdentifier>
    </Filter>
    <Filter Include="ImGui">
      <UniqueIdentifier>{5b876a97-01b6-4bd9-86f8-cc06c481da52}</UniqueIdentifier>
    </Filter>
    <Filter Include="Math">
      <UniqueIdentifier>{f4d2bb2b-5300-4906-bcac-3c4a0124dcf7}</UniqueIdentifier>
    </Filter>
    <Filter Include="Model">
      <UniqueIdentifier>{75878dc3-228d-4f78-a159-c89a43ffafe2}</UniqueIdentifier>
    </Filter>
    <Filter Include="Engine\WinApp">
      <UniqueIdentifier>{b53c25de-314b-4648-8852-e97c158f0275}</UniqueIdentifier>
    </Filter>
    <Filter Include="Engine\ConvertString">
      <UniqueIdentifier>{5a7a3057-cf34-4af9-a2fc-9484d57e4dd8}</UniqueIdentifier>
    </Filter>
    <Filter Include="Engine\KeyInput">
      <UniqueIdentifier>{54cbf6cd-6d5d-4737-917a-4febfd4a8d56}</UniqueIdentifier>
    </Filter>
    <Filter Include="Engine\Gamepad">
      <UniqueIdentifier>{5ba5205c-920a-4591-82c3-2c13db824148}</UniqueIdentifier>
    </Filter>
    <Filter Include="Engine\ShaderManager">
      <UniqueIdentifier>{e9f17783-c021-4323-ae3b-d9f04d63298d}</UniqueIdentifier>
    </Filter>
    <Filter Include="Engine\Mouse">
      <UniqueIdentifier>{840634f8-e2bb-40d7-a128-78abed2ce12a}</UniqueIdentifier>
    </Filter>
    <Filter Include="PeraRender">
      <UniqueIdentifier>{9f8d179a-c3cd-4256-8e00-4a3389c927d7}</UniqueIdentifier>
    </Filter>
    <Filter Include="Engine\ConstBuffer">
      <UniqueIdentifier>{e59427f8-55ba-46bf-b8a3-e4974976afc4}</UniqueIdentifier>
    </Filter>
    <Filter Include="TextureManager">
      <UniqueIdentifier>{1336c590-e855-4d4f-92b9-fa2698582835}</UniqueIdentifier>
    </Filter>
    <Filter Include="TextureManager\Texture">
      <UniqueIdentifier>{5c638997-6f2b-4dd7-9e5b-0d6092ae02f0}</UniqueIdentifier>
    </Filter>
    <Filter Include="Texture2D">
      <UniqueIdentifier>{192c5cda-f43f-40d2-9f13-b9f849327730}</UniqueIdentifier>
    </Filter>
    <Filter Include="Camera">
      <UniqueIdentifier>{83ad4e33-18a7-4b34-afb3-3b41fc1e2017}</UniqueIdentifier>
    </Filter>
    <Filter Include="Engine\Resource">
      <UniqueIdentifier>{f998d943-f444-4e6f-9d72-081e699db552}</UniqueIdentifier>
    </Filter>
    <Filter Include="Engine\Resource\RenderTarget">
      <UniqueIdentifier>{ece16fea-31ac-410e-9402-f17c929ef028}</UniqueIdentifier>
    </Filter>
    <Filter Include="Engine\Resource\ShaderResource">
      <UniqueIdentifier>{5325ce8c-6115-444a-84db-472a18839f17}</UniqueIdentifier>
    </Filter>
    <Filter Include="PipelineManager">
      <UniqueIdentifier>{aef4978c-e692-4066-935c-3e9860805d1d}</UniqueIdentifier>
    </Filter>
    <Filter Include="PipelineManager\Pipeline">
      <UniqueIdentifier>{5aa3bff6-a3f3-4517-bc62-2b54b5734cbd}</UniqueIdentifier>
    </Filter>
    <Filter Include="Engine\RootSignature">
      <UniqueIdentifier>{e940fd55-6a3e-4764-ba45-668507747c4f}</UniqueIdentifier>
    </Filter>
    <Filter Include="StringOut">
      <UniqueIdentifier>{8f6f9f0d-e177-4c18-b9a0-cab1926af85b}</UniqueIdentifier>
    </Filter>
    <Filter Include="Editor">
      <UniqueIdentifier>{c94e98bb-8531-4999-870a-aede2d08653e}</UniqueIdentifier>
    </Filter>
    <Filter Include="Editor\Node">
      <UniqueIdentifier>{01d02fd5-d429-4414-a2aa-0d3ac669ea46}</UniqueIdentifier>
    </Filter>
    <Filter Include="Line">
      <UniqueIdentifier>{17a37595-e9f9-42e9-9496-d637dc153066}</UniqueIdentifier>
    </Filter>
    <Filter Include="AudioManager">
      <UniqueIdentifier>{2487b7fc-0f80-433c-af4a-03b5842ec259}</UniqueIdentifier>
    </Filter>
    <Filter Include="AudioManager\Audio">
      <UniqueIdentifier>{7d34ec95-2a47-42f6-93fb-23ebe8cc0e42}</UniqueIdentifier>
    </Filter>
  </ItemGroup>
  <ItemGroup>
    <ClInclude Include="Engine\Engine.h">
      <Filter>Engine</Filter>
    </ClInclude>
    <ClInclude Include="externals\imgui\imconfig.h">
      <Filter>ImGui</Filter>
    </ClInclude>
    <ClInclude Include="externals\imgui\imgui.h">
      <Filter>ImGui</Filter>
    </ClInclude>
    <ClInclude Include="externals\imgui\imgui_impl_dx12.h">
      <Filter>ImGui</Filter>
    </ClInclude>
    <ClInclude Include="externals\imgui\imgui_impl_win32.h">
      <Filter>ImGui</Filter>
    </ClInclude>
    <ClInclude Include="externals\imgui\imgui_internal.h">
      <Filter>ImGui</Filter>
    </ClInclude>
    <ClInclude Include="externals\imgui\imstb_rectpack.h">
      <Filter>ImGui</Filter>
    </ClInclude>
    <ClInclude Include="externals\imgui\imstb_textedit.h">
      <Filter>ImGui</Filter>
    </ClInclude>
    <ClInclude Include="externals\imgui\imstb_truetype.h">
      <Filter>ImGui</Filter>
    </ClInclude>
    <ClInclude Include="Math\Mat4x4\Mat4x4.h">
      <Filter>Math</Filter>
    </ClInclude>
    <ClInclude Include="Math\Vector4\Vector4.h">
      <Filter>Math</Filter>
    </ClInclude>
    <ClInclude Include="Model\Model.h">
      <Filter>Model</Filter>
    </ClInclude>
    <ClInclude Include="Engine\WinApp\WinApp.h">
      <Filter>Engine\WinApp</Filter>
    </ClInclude>
    <ClInclude Include="Engine\ConvertString\ConvertString.h">
      <Filter>Engine\ConvertString</Filter>
    </ClInclude>
    <ClInclude Include="Engine\KeyInput\KeyInput.h">
      <Filter>Engine\KeyInput</Filter>
    </ClInclude>
    <ClInclude Include="Engine\Gamepad\Gamepad.h">
      <Filter>Engine\Gamepad</Filter>
    </ClInclude>
    <ClInclude Include="Engine\ShaderManager\ShaderManager.h">
      <Filter>Engine\ShaderManager</Filter>
    </ClInclude>
    <ClInclude Include="Engine\Mouse\Mouse.h">
      <Filter>Engine\Mouse</Filter>
    </ClInclude>
    <ClInclude Include="PeraRender\PeraRender.h">
      <Filter>PeraRender</Filter>
    </ClInclude>
    <ClInclude Include="Engine\ConstBuffer\ConstBuffer.h">
      <Filter>Engine\ConstBuffer</Filter>
    </ClInclude>
    <ClInclude Include="TextureManager\TextureManager.h">
      <Filter>TextureManager</Filter>
    </ClInclude>
    <ClInclude Include="TextureManager\Texture\Texture.h">
      <Filter>TextureManager\Texture</Filter>
    </ClInclude>
    <ClInclude Include="Texture2D\Texture2D.h">
      <Filter>Texture2D</Filter>
    </ClInclude>
    <ClInclude Include="AudioManager\AudioManager.h">
      <Filter>AudioManager</Filter>
    </ClInclude>
    <ClInclude Include="AudioManager\Audio\Audio.h">
      <Filter>AudioManager\Audio</Filter>
    </ClInclude>
    <ClInclude Include="Camera\Camera.h">
      <Filter>Camera</Filter>
    </ClInclude>
    <ClInclude Include="Math\Vector2\Vector2.h">
      <Filter>Math</Filter>
    </ClInclude>
    <ClInclude Include="Math\Vector3\Vector3.h">
      <Filter>Math</Filter>
    </ClInclude>
    <ClInclude Include="Engine\Resource\RenderTarget\RenderTarget.h">
      <Filter>Engine\Resource\RenderTarget</Filter>
    </ClInclude>
    <ClInclude Include="Engine\Resource\ShaderResource\ShaderResourceHeap.h">
      <Filter>Engine\Resource\ShaderResource</Filter>
    </ClInclude>
    <ClInclude Include="PipelineManager\PipelineManager.h">
      <Filter>PipelineManager</Filter>
    </ClInclude>
    <ClInclude Include="PipelineManager\Pipeline\Pipeline.h">
      <Filter>PipelineManager\Pipeline</Filter>
    </ClInclude>
    <ClInclude Include="Engine\RootSignature\RootSignature.h">
      <Filter>Engine\RootSignature</Filter>
    </ClInclude>
    <ClInclude Include="StringOut\StringOut.h">
      <Filter>StringOut</Filter>
    </ClInclude>
    <ClInclude Include="Editor\Editor.h">
      <Filter>Editor</Filter>
    </ClInclude>
    <ClInclude Include="Editor\Node\Node.h">
      <Filter>Editor\Node</Filter>
    </ClInclude>
    <ClInclude Include="Line\Line.h">
      <Filter>Line</Filter>
    </ClInclude>
  </ItemGroup>
  <ItemGroup>
    <Text Include="externals\imgui\LICENSE.txt">
      <Filter>ImGui</Filter>
    </Text>
  </ItemGroup>
</Project>